PODS:
  - Flutter (1.0.0)
  - fluttertoast (0.0.2):
    - Flutter
  - MMKV (1.0.10)
  - mmkv_flutter (0.0.1):
    - Flutter
    - MMKV

DEPENDENCIES:
  - Flutter (from `.symlinks/flutter/ios`)
  - fluttertoast (from `.symlinks/plugins/fluttertoast/ios`)
  - mmkv_flutter (from `.symlinks/plugins/mmkv_flutter/ios`)

SPEC REPOS:
  https://github.com/cocoapods/specs.git:
    - MMKV

EXTERNAL SOURCES:
  Flutter:
    :path: ".symlinks/flutter/ios"
  fluttertoast:
    :path: ".symlinks/plugins/fluttertoast/ios"
  mmkv_flutter:
    :path: ".symlinks/plugins/mmkv_flutter/ios"

SPEC CHECKSUMS:
  Flutter: 9d0fac939486c9aba2809b7982dfdbb47a7b0296
  fluttertoast: ad0527b15297baf11349f3f581dae4d40f24f340
  MMKV: 197e3924f9e2d8a5b0ee1c2ce9e1b3827cb49222
  mmkv_flutter: c30199174f0117c468572e4758f72921d8089f68

PODFILE CHECKSUM: 66a5b1495862755a38cfdad6ac3729098d2988fa

COCOAPODS: 1.5.3
